// !$*UTF8*$!
{
	archiveVersion = 1;
	classes = {
	};
	objectVersion = 56;
	objects = {

/* Begin PBXBuildFile section */
		7D1C55572BF3F004004B995C /* GoingPostalApp.swift in Sources */ = {isa = PBXBuildFile; fileRef = 7D1C55562BF3F004004B995C /* GoingPostalApp.swift */; };
		7D1C55592BF3F004004B995C /* ContentView.swift in Sources */ = {isa = PBXBuildFile; fileRef = 7D1C55582BF3F004004B995C /* ContentView.swift */; };
		7D1C555B2BF3F006004B995C /* Assets.xcassets in Resources */ = {isa = PBXBuildFile; fileRef = 7D1C555A2BF3F006004B995C /* Assets.xcassets */; };
		7D1C555E2BF3F006004B995C /* Preview Assets.xcassets in Resources */ = {isa = PBXBuildFile; fileRef = 7D1C555D2BF3F006004B995C /* Preview Assets.xcassets */; };
		7D1C55682BF3F006004B995C /* GoingPostalTests.swift in Sources */ = {isa = PBXBuildFile; fileRef = 7D1C55672BF3F006004B995C /* GoingPostalTests.swift */; };
		7D1C55722BF3F006004B995C /* GoingPostalUITests.swift in Sources */ = {isa = PBXBuildFile; fileRef = 7D1C55712BF3F006004B995C /* GoingPostalUITests.swift */; };
		7D1C55742BF3F006004B995C /* GoingPostalUITestsLaunchTests.swift in Sources */ = {isa = PBXBuildFile; fileRef = 7D1C55732BF3F006004B995C /* GoingPostalUITestsLaunchTests.swift */; };
/* End PBXBuildFile section */

/* Begin PBXContainerItemProxy section */
		7D1C55642BF3F006004B995C /* PBXContainerItemProxy */ = {
			isa = PBXContainerItemProxy;
			containerPortal = 7D1C554B2BF3F004004B995C /* Project object */;
			proxyType = 1;
			remoteGlobalIDString = 7D1C55522BF3F004004B995C;
			remoteInfo = GoingPostal;
		};
		7D1C556E2BF3F006004B995C /* PBXContainerItemProxy */ = {
			isa = PBXContainerItemProxy;
			containerPortal = 7D1C554B2BF3F004004B995C /* Project object */;
			proxyType = 1;
			remoteGlobalIDString = 7D1C55522BF3F004004B995C;
			remoteInfo = GoingPostal;
		};
/* End PBXContainerItemProxy section */

/* Begin PBXFileReference section */
		7D1C55532BF3F004004B995C /* GoingPostal.app */ = {isa = PBXFileReference; explicitFileType = wrapper.application; includeInIndex = 0; path = GoingPostal.app; sourceTree = BUILT_PRODUCTS_DIR; };
		7D1C55562BF3F004004B995C /* GoingPostalApp.swift */ = {isa = PBXFileReference; lastKnownFileType = sourcecode.swift; path = GoingPostalApp.swift; sourceTree = "<group>"; };
		7D1C55582BF3F004004B995C /* ContentView.swift */ = {isa = PBXFileReference; lastKnownFileType = sourcecode.swift; path = ContentView.swift; sourceTree = "<group>"; };
		7D1C555A2BF3F006004B995C /* Assets.xcassets */ = {isa = PBXFileReference; lastKnownFileType = folder.assetcatalog; path = Assets.xcassets; sourceTree = "<group>"; };
		7D1C555D2BF3F006004B995C /* Preview Assets.xcassets */ = {isa = PBXFileReference; lastKnownFileType = folder.assetcatalog; path = "Preview Assets.xcassets"; sourceTree = "<group>"; };
		7D1C55632BF3F006004B995C /* GoingPostalTests.xctest */ = {isa = PBXFileReference; explicitFileType = wrapper.cfbundle; includeInIndex = 0; path = GoingPostalTests.xctest; sourceTree = BUILT_PRODUCTS_DIR; };
		7D1C55672BF3F006004B995C /* GoingPostalTests.swift */ = {isa = PBXFileReference; lastKnownFileType = sourcecode.swift; path = GoingPostalTests.swift; sourceTree = "<group>"; };
		7D1C556D2BF3F006004B995C /* GoingPostalUITests.xctest */ = {isa = PBXFileReference; explicitFileType = wrapper.cfbundle; includeInIndex = 0; path = GoingPostalUITests.xctest; sourceTree = BUILT_PRODUCTS_DIR; };
		7D1C55712BF3F006004B995C /* GoingPostalUITests.swift */ = {isa = PBXFileReference; lastKnownFileType = sourcecode.swift; path = GoingPostalUITests.swift; sourceTree = "<group>"; };
		7D1C55732BF3F006004B995C /* GoingPostalUITestsLaunchTests.swift */ = {isa = PBXFileReference; lastKnownFileType = sourcecode.swift; path = GoingPostalUITestsLaunchTests.swift; sourceTree = "<group>"; };
/* End PBXFileReference section */

/* Begin PBXFrameworksBuildPhase section */
		7D1C55502BF3F004004B995C /* Frameworks */ = {
			isa = PBXFrameworksBuildPhase;
			buildActionMask = 2147483647;
			files = (
			);
			runOnlyForDeploymentPostprocessing = 0;
		};
		7D1C55602BF3F006004B995C /* Frameworks */ = {
			isa = PBXFrameworksBuildPhase;
			buildActionMask = 2147483647;
			files = (
			);
			runOnlyForDeploymentPostprocessing = 0;
		};
		7D1C556A2BF3F006004B995C /* Frameworks */ = {
			isa = PBXFrameworksBuildPhase;
			buildActionMask = 2147483647;
			files = (
			);
			runOnlyForDeploymentPostprocessing = 0;
		};
/* End PBXFrameworksBuildPhase section */

/* Begin PBXGroup section */
		7D1C554A2BF3F004004B995C = {
			isa = PBXGroup;
			children = (
				7D1C55552BF3F004004B995C /* GoingPostal */,
				7D1C55662BF3F006004B995C /* GoingPostalTests */,
				7D1C55702BF3F006004B995C /* GoingPostalUITests */,
				7D1C55542BF3F004004B995C /* Products */,
			);
			sourceTree = "<group>";
		};
		7D1C55542BF3F004004B995C /* Products */ = {
			isa = PBXGroup;
			children = (
				7D1C55532BF3F004004B995C /* GoingPostal.app */,
				7D1C55632BF3F006004B995C /* GoingPostalTests.xctest */,
				7D1C556D2BF3F006004B995C /* GoingPostalUITests.xctest */,
			);
			name = Products;
			sourceTree = "<group>";
		};
		7D1C55552BF3F004004B995C /* GoingPostal */ = {
			isa = PBXGroup;
			children = (
				7D1C55562BF3F004004B995C /* GoingPostalApp.swift */,
				7D1C55582BF3F004004B995C /* ContentView.swift */,
				7D1C555A2BF3F006004B995C /* Assets.xcassets */,
				7D1C555C2BF3F006004B995C /* Preview Content */,
			);
			path = GoingPostal;
			sourceTree = "<group>";
		};
		7D1C555C2BF3F006004B995C /* Preview Content */ = {
			isa = PBXGroup;
			children = (
				7D1C555D2BF3F006004B995C /* Preview Assets.xcassets */,
			);
			path = "Preview Content";
			sourceTree = "<group>";
		};
		7D1C55662BF3F006004B995C /* GoingPostalTests */ = {
			isa = PBXGroup;
			children = (
				7D1C55672BF3F006004B995C /* GoingPostalTests.swift */,
			);
			path = GoingPostalTests;
			sourceTree = "<group>";
		};
		7D1C55702BF3F006004B995C /* GoingPostalUITests */ = {
			isa = PBXGroup;
			children = (
				7D1C55712BF3F006004B995C /* GoingPostalUITests.swift */,
				7D1C55732BF3F006004B995C /* GoingPostalUITestsLaunchTests.swift */,
			);
			path = GoingPostalUITests;
			sourceTree = "<group>";
		};
/* End PBXGroup section */

/* Begin PBXNativeTarget section */
		7D1C55522BF3F004004B995C /* GoingPostal */ = {
			isa = PBXNativeTarget;
			buildConfigurationList = 7D1C55772BF3F006004B995C /* Build configuration list for PBXNativeTarget "GoingPostal" */;
			buildPhases = (
				7D1C554F2BF3F004004B995C /* Sources */,
				7D1C55502BF3F004004B995C /* Frameworks */,
				7D1C55512BF3F004004B995C /* Resources */,
			);
			buildRules = (
			);
			dependencies = (
			);
			name = GoingPostal;
			productName = GoingPostal;
			productReference = 7D1C55532BF3F004004B995C /* GoingPostal.app */;
			productType = "com.apple.product-type.application";
		};
		7D1C55622BF3F006004B995C /* GoingPostalTests */ = {
			isa = PBXNativeTarget;
			buildConfigurationList = 7D1C557A2BF3F006004B995C /* Build configuration list for PBXNativeTarget "GoingPostalTests" */;
			buildPhases = (
				7D1C555F2BF3F006004B995C /* Sources */,
				7D1C55602BF3F006004B995C /* Frameworks */,
				7D1C55612BF3F006004B995C /* Resources */,
			);
			buildRules = (
			);
			dependencies = (
				7D1C55652BF3F006004B995C /* PBXTargetDependency */,
			);
			name = GoingPostalTests;
			productName = GoingPostalTests;
			productReference = 7D1C55632BF3F006004B995C /* GoingPostalTests.xctest */;
			productType = "com.apple.product-type.bundle.unit-test";
		};
		7D1C556C2BF3F006004B995C /* GoingPostalUITests */ = {
			isa = PBXNativeTarget;
			buildConfigurationList = 7D1C557D2BF3F006004B995C /* Build configuration list for PBXNativeTarget "GoingPostalUITests" */;
			buildPhases = (
				7D1C55692BF3F006004B995C /* Sources */,
				7D1C556A2BF3F006004B995C /* Frameworks */,
				7D1C556B2BF3F006004B995C /* Resources */,
			);
			buildRules = (
			);
			dependencies = (
				7D1C556F2BF3F006004B995C /* PBXTargetDependency */,
			);
			name = GoingPostalUITests;
			productName = GoingPostalUITests;
			productReference = 7D1C556D2BF3F006004B995C /* GoingPostalUITests.xctest */;
			productType = "com.apple.product-type.bundle.ui-testing";
		};
/* End PBXNativeTarget section */

/* Begin PBXProject section */
		7D1C554B2BF3F004004B995C /* Project object */ = {
			isa = PBXProject;
			attributes = {
				BuildIndependentTargetsInParallel = 1;
				LastSwiftUpdateCheck = 1530;
				LastUpgradeCheck = 1530;
				TargetAttributes = {
					7D1C55522BF3F004004B995C = {
						CreatedOnToolsVersion = 15.3;
					};
					7D1C55622BF3F006004B995C = {
						CreatedOnToolsVersion = 15.3;
						TestTargetID = 7D1C55522BF3F004004B995C;
					};
					7D1C556C2BF3F006004B995C = {
						CreatedOnToolsVersion = 15.3;
						TestTargetID = 7D1C55522BF3F004004B995C;
					};
				};
			};
			buildConfigurationList = 7D1C554E2BF3F004004B995C /* Build configuration list for PBXProject "GoingPostal" */;
			compatibilityVersion = "Xcode 14.0";
			developmentRegion = en;
			hasScannedForEncodings = 0;
			knownRegions = (
				en,
				Base,
			);
			mainGroup = 7D1C554A2BF3F004004B995C;
			productRefGroup = 7D1C55542BF3F004004B995C /* Products */;
			projectDirPath = "";
			projectRoot = "";
			targets = (
				7D1C55522BF3F004004B995C /* GoingPostal */,
				7D1C55622BF3F006004B995C /* GoingPostalTests */,
				7D1C556C2BF3F006004B995C /* GoingPostalUITests */,
			);
		};
/* End PBXProject section */

/* Begin PBXResourcesBuildPhase section */
		7D1C55512BF3F004004B995C /* Resources */ = {
			isa = PBXResourcesBuildPhase;
			buildActionMask = 2147483647;
			files = (
				7D1C555E2BF3F006004B995C /* Preview Assets.xcassets in Resources */,
				7D1C555B2BF3F006004B995C /* Assets.xcassets in Resources */,
			);
			runOnlyForDeploymentPostprocessing = 0;
		};
		7D1C55612BF3F006004B995C /* Resources */ = {
			isa = PBXResourcesBuildPhase;
			buildActionMask = 2147483647;
			files = (
			);
			runOnlyForDeploymentPostprocessing = 0;
		};
		7D1C556B2BF3F006004B995C /* Resources */ = {
			isa = PBXResourcesBuildPhase;
			buildActionMask = 2147483647;
			files = (
			);
			runOnlyForDeploymentPostprocessing = 0;
		};
/* End PBXResourcesBuildPhase section */

/* Begin PBXSourcesBuildPhase section */
		7D1C554F2BF3F004004B995C /* Sources */ = {
			isa = PBXSourcesBuildPhase;
			buildActionMask = 2147483647;
			files = (
				7D1C55592BF3F004004B995C /* ContentView.swift in Sources */,
				7D1C55572BF3F004004B995C /* GoingPostalApp.swift in Sources */,
			);
			runOnlyForDeploymentPostprocessing = 0;
		};
		7D1C555F2BF3F006004B995C /* Sources */ = {
			isa = PBXSourcesBuildPhase;
			buildActionMask = 2147483647;
			files = (
				7D1C55682BF3F006004B995C /* GoingPostalTests.swift in Sources */,
			);
			runOnlyForDeploymentPostprocessing = 0;
		};
		7D1C55692BF3F006004B995C /* Sources */ = {
			isa = PBXSourcesBuildPhase;
			buildActionMask = 2147483647;
			files = (
				7D1C55742BF3F006004B995C /* GoingPostalUITestsLaunchTests.swift in Sources */,
				7D1C55722BF3F006004B995C /* GoingPostalUITests.swift in Sources */,
			);
			runOnlyForDeploymentPostprocessing = 0;
		};
/* End PBXSourcesBuildPhase section */

/* Begin PBXTargetDependency section */
		7D1C55652BF3F006004B995C /* PBXTargetDependency */ = {
			isa = PBXTargetDependency;
			target = 7D1C55522BF3F004004B995C /* GoingPostal */;
			targetProxy = 7D1C55642BF3F006004B995C /* PBXContainerItemProxy */;
		};
		7D1C556F2BF3F006004B995C /* PBXTargetDependency */ = {
			isa = PBXTargetDependency;
			target = 7D1C55522BF3F004004B995C /* GoingPostal */;
			targetProxy = 7D1C556E2BF3F006004B995C /* PBXContainerItemProxy */;
		};
/* End PBXTargetDependency section */

/* Begin XCBuildConfiguration section */
		7D1C55752BF3F006004B995C /* Debug */ = {
			isa = XCBuildConfiguration;
			buildSettings = {
				ALWAYS_SEARCH_USER_PATHS = NO;
				ASSETCATALOG_COMPILER_GENERATE_SWIFT_ASSET_SYMBOL_EXTENSIONS = YES;
				CLANG_ANALYZER_NONNULL = YES;
				CLANG_ANALYZER_NUMBER_OBJECT_CONVERSION = YES_AGGRESSIVE;
				CLANG_CXX_LANGUAGE_STANDARD = "gnu++20";
				CLANG_ENABLE_MODULES = YES;
				CLANG_ENABLE_OBJC_ARC = YES;
				CLANG_ENABLE_OBJC_WEAK = YES;
				CLANG_WARN_BLOCK_CAPTURE_AUTORELEASING = YES;
				CLANG_WARN_BOOL_CONVERSION = YES;
				CLANG_WARN_COMMA = YES;
				CLANG_WARN_CONSTANT_CONVERSION = YES;
				CLANG_WARN_DEPRECATED_OBJC_IMPLEMENTATIONS = YES;
				CLANG_WARN_DIRECT_OBJC_ISA_USAGE = YES_ERROR;
				CLANG_WARN_DOCUMENTATION_COMMENTS = YES;
				CLANG_WARN_EMPTY_BODY = YES;
				CLANG_WARN_ENUM_CONVERSION = YES;
				CLANG_WARN_INFINITE_RECURSION = YES;
				CLANG_WARN_INT_CONVERSION = YES;
				CLANG_WARN_NON_LITERAL_NULL_CONVERSION = YES;
				CLANG_WARN_OBJC_IMPLICIT_RETAIN_SELF = YES;
				CLANG_WARN_OBJC_LITERAL_CONVERSION = YES;
				CLANG_WARN_OBJC_ROOT_CLASS = YES_ERROR;
				CLANG_WARN_QUOTED_INCLUDE_IN_FRAMEWORK_HEADER = YES;
				CLANG_WARN_RANGE_LOOP_ANALYSIS = YES;
				CLANG_WARN_STRICT_PROTOTYPES = YES;
				CLANG_WARN_SUSPICIOUS_MOVE = YES;
				CLANG_WARN_UNGUARDED_AVAILABILITY = YES_AGGRESSIVE;
				CLANG_WARN_UNREACHABLE_CODE = YES;
				CLANG_WARN__DUPLICATE_METHOD_MATCH = YES;
				COPY_PHASE_STRIP = NO;
				DEBUG_INFORMATION_FORMAT = dwarf;
				ENABLE_STRICT_OBJC_MSGSEND = YES;
				ENABLE_TESTABILITY = YES;
				ENABLE_USER_SCRIPT_SANDBOXING = YES;
				GCC_C_LANGUAGE_STANDARD = gnu17;
				GCC_DYNAMIC_NO_PIC = NO;
				GCC_NO_COMMON_BLOCKS = YES;
				GCC_OPTIMIZATION_LEVEL = 0;
				GCC_PREPROCESSOR_DEFINITIONS = (
					"DEBUG=1",
					"$(inherited)",
				);
				GCC_WARN_64_TO_32_BIT_CONVERSION = YES;
				GCC_WARN_ABOUT_RETURN_TYPE = YES_ERROR;
				GCC_WARN_UNDECLARED_SELECTOR = YES;
				GCC_WARN_UNINITIALIZED_AUTOS = YES_AGGRESSIVE;
				GCC_WARN_UNUSED_FUNCTION = YES;
				GCC_WARN_UNUSED_VARIABLE = YES;
				IPHONEOS_DEPLOYMENT_TARGET = 17.4;
				LOCALIZATION_PREFERS_STRING_CATALOGS = YES;
				MTL_ENABLE_DEBUG_INFO = INCLUDE_SOURCE;
				MTL_FAST_MATH = YES;
				ONLY_ACTIVE_ARCH = YES;
				SDKROOT = iphoneos;
				SWIFT_ACTIVE_COMPILATION_CONDITIONS = "DEBUG $(inherited)";
				SWIFT_OPTIMIZATION_LEVEL = "-Onone";
			};
			name = Debug;
		};
		7D1C55762BF3F006004B995C /* Release */ = {
			isa = XCBuildConfiguration;
			buildSettings = {
				ALWAYS_SEARCH_USER_PATHS = NO;
				ASSETCATALOG_COMPILER_GENERATE_SWIFT_ASSET_SYMBOL_EXTENSIONS = YES;
				CLANG_ANALYZER_NONNULL = YES;
				CLANG_ANALYZER_NUMBER_OBJECT_CONVERSION = YES_AGGRESSIVE;
				CLANG_CXX_LANGUAGE_STANDARD = "gnu++20";
				CLANG_ENABLE_MODULES = YES;
				CLANG_ENABLE_OBJC_ARC = YES;
				CLANG_ENABLE_OBJC_WEAK = YES;
				CLANG_WARN_BLOCK_CAPTURE_AUTORELEASING = YES;
				CLANG_WARN_BOOL_CONVERSION = YES;
				CLANG_WARN_COMMA = YES;
				CLANG_WARN_CONSTANT_CONVERSION = YES;
				CLANG_WARN_DEPRECATED_OBJC_IMPLEMENTATIONS = YES;
				CLANG_WARN_DIRECT_OBJC_ISA_USAGE = YES_ERROR;
				CLANG_WARN_DOCUMENTATION_COMMENTS = YES;
				CLANG_WARN_EMPTY_BODY = YES;
				CLANG_WARN_ENUM_CONVERSION = YES;
				CLANG_WARN_INFINITE_RECURSION = YES;
				CLANG_WARN_INT_CONVERSION = YES;
				CLANG_WARN_NON_LITERAL_NULL_CONVERSION = YES;
				CLANG_WARN_OBJC_IMPLICIT_RETAIN_SELF = YES;
				CLANG_WARN_OBJC_LITERAL_CONVERSION = YES;
				CLANG_WARN_OBJC_ROOT_CLASS = YES_ERROR;
				CLANG_WARN_QUOTED_INCLUDE_IN_FRAMEWORK_HEADER = YES;
				CLANG_WARN_RANGE_LOOP_ANALYSIS = YES;
				CLANG_WARN_STRICT_PROTOTYPES = YES;
				CLANG_WARN_SUSPICIOUS_MOVE = YES;
				CLANG_WARN_UNGUARDED_AVAILABILITY = YES_AGGRESSIVE;
				CLANG_WARN_UNREACHABLE_CODE = YES;
				CLANG_WARN__DUPLICATE_METHOD_MATCH = YES;
				COPY_PHASE_STRIP = NO;
				DEBUG_INFORMATION_FORMAT = "dwarf-with-dsym";
				ENABLE_NS_ASSERTIONS = NO;
				ENABLE_STRICT_OBJC_MSGSEND = YES;
				ENABLE_USER_SCRIPT_SANDBOXING = YES;
				GCC_C_LANGUAGE_STANDARD = gnu17;
				GCC_NO_COMMON_BLOCKS = YES;
				GCC_WARN_64_TO_32_BIT_CONVERSION = YES;
				GCC_WARN_ABOUT_RETURN_TYPE = YES_ERROR;
				GCC_WARN_UNDECLARED_SELECTOR = YES;
				GCC_WARN_UNINITIALIZED_AUTOS = YES_AGGRESSIVE;
				GCC_WARN_UNUSED_FUNCTION = YES;
				GCC_WARN_UNUSED_VARIABLE = YES;
				IPHONEOS_DEPLOYMENT_TARGET = 17.4;
				LOCALIZATION_PREFERS_STRING_CATALOGS = YES;
				MTL_ENABLE_DEBUG_INFO = NO;
				MTL_FAST_MATH = YES;
				SDKROOT = iphoneos;
				SWIFT_COMPILATION_MODE = wholemodule;
				VALIDATE_PRODUCT = YES;
			};
			name = Release;
		};
		7D1C55782BF3F006004B995C /* Debug */ = {
			isa = XCBuildConfiguration;
			buildSettings = {
				ASSETCATALOG_COMPILER_APPICON_NAME = AppIcon;
				ASSETCATALOG_COMPILER_GLOBAL_ACCENT_COLOR_NAME = AccentColor;
				CODE_SIGN_STYLE = Automatic;
				CURRENT_PROJECT_VERSION = 1;
				DEVELOPMENT_ASSET_PATHS = "\"GoingPostal/Preview Content\"";
				DEVELOPMENT_TEAM = 74A9YU5DT4;
				ENABLE_PREVIEWS = YES;
				GENERATE_INFOPLIST_FILE = YES;
				INFOPLIST_KEY_UIApplicationSceneManifest_Generation = YES;
				INFOPLIST_KEY_UIApplicationSupportsIndirectInputEvents = YES;
				INFOPLIST_KEY_UILaunchScreen_Generation = YES;
				INFOPLIST_KEY_UISupportedInterfaceOrientations_iPad = "UIInterfaceOrientationPortrait UIInterfaceOrientationPortraitUpsideDown UIInterfaceOrientationLandscapeLeft UIInterfaceOrientationLandscapeRight";
				INFOPLIST_KEY_UISupportedInterfaceOrientations_iPhone = "UIInterfaceOrientationPortrait UIInterfaceOrientationLandscapeLeft UIInterfaceOrientationLandscapeRight";
				LD_RUNPATH_SEARCH_PATHS = (
					"$(inherited)",
					"@executable_path/Frameworks",
				);
				MARKETING_VERSION = 1.0;
				PRODUCT_BUNDLE_IDENTIFIER = za.co.rleclus.GoingPostal;
				PRODUCT_NAME = "$(TARGET_NAME)";
				SWIFT_EMIT_LOC_STRINGS = YES;
				SWIFT_VERSION = 5.0;
				TARGETED_DEVICE_FAMILY = "1,2";
			};
			name = Debug;
		};
		7D1C55792BF3F006004B995C /* Release */ = {
			isa = XCBuildConfiguration;
			buildSettings = {
				ASSETCATALOG_COMPILER_APPICON_NAME = AppIcon;
				ASSETCATALOG_COMPILER_GLOBAL_ACCENT_COLOR_NAME = AccentColor;
				CODE_SIGN_STYLE = Automatic;
				CURRENT_PROJECT_VERSION = 1;
				DEVELOPMENT_ASSET_PATHS = "\"GoingPostal/Preview Content\"";
				DEVELOPMENT_TEAM = 74A9YU5DT4;
				ENABLE_PREVIEWS = YES;
				GENERATE_INFOPLIST_FILE = YES;
				INFOPLIST_KEY_UIApplicationSceneManifest_Generation = YES;
				INFOPLIST_KEY_UIApplicationSupportsIndirectInputEvents = YES;
				INFOPLIST_KEY_UILaunchScreen_Generation = YES;
				INFOPLIST_KEY_UISupportedInterfaceOrientations_iPad = "UIInterfaceOrientationPortrait UIInterfaceOrientationPortraitUpsideDown UIInterfaceOrientationLandscapeLeft UIInterfaceOrientationLandscapeRight";
				INFOPLIST_KEY_UISupportedInterfaceOrientations_iPhone = "UIInterfaceOrientationPortrait UIInterfaceOrientationLandscapeLeft UIInterfaceOrientationLandscapeRight";
				LD_RUNPATH_SEARCH_PATHS = (
					"$(inherited)",
					"@executable_path/Frameworks",
				);
				MARKETING_VERSION = 1.0;
				PRODUCT_BUNDLE_IDENTIFIER = za.co.rleclus.GoingPostal;
				PRODUCT_NAME = "$(TARGET_NAME)";
				SWIFT_EMIT_LOC_STRINGS = YES;
				SWIFT_VERSION = 5.0;
				TARGETED_DEVICE_FAMILY = "1,2";
			};
			name = Release;
		};
		7D1C557B2BF3F006004B995C /* Debug */ = {
			isa = XCBuildConfiguration;
			buildSettings = {
				ALWAYS_EMBED_SWIFT_STANDARD_LIBRARIES = YES;
				BUNDLE_LOADER = "$(TEST_HOST)";
				CODE_SIGN_STYLE = Automatic;
				CURRENT_PROJECT_VERSION = 1;
				DEVELOPMENT_TEAM = 74A9YU5DT4;
				GENERATE_INFOPLIST_FILE = YES;
				IPHONEOS_DEPLOYMENT_TARGET = 17.4;
				MARKETING_VERSION = 1.0;
				PRODUCT_BUNDLE_IDENTIFIER = za.co.rleclus.GoingPostalTests;
				PRODUCT_NAME = "$(TARGET_NAME)";
				SWIFT_EMIT_LOC_STRINGS = NO;
				SWIFT_VERSION = 5.0;
				TARGETED_DEVICE_FAMILY = "1,2";
				TEST_HOST = "$(BUILT_PRODUCTS_DIR)/GoingPostal.app/$(BUNDLE_EXECUTABLE_FOLDER_PATH)/GoingPostal";
			};
			name = Debug;
		};
		7D1C557C2BF3F006004B995C /* Release */ = {
			isa = XCBuildConfiguration;
			buildSettings = {
				ALWAYS_EMBED_SWIFT_STANDARD_LIBRARIES = YES;
				BUNDLE_LOADER = "$(TEST_HOST)";
				CODE_SIGN_STYLE = Automatic;
				CURRENT_PROJECT_VERSION = 1;
				DEVELOPMENT_TEAM = 74A9YU5DT4;
				GENERATE_INFOPLIST_FILE = YES;
				IPHONEOS_DEPLOYMENT_TARGET = 17.4;
				MARKETING_VERSION = 1.0;
				PRODUCT_BUNDLE_IDENTIFIER = za.co.rleclus.GoingPostalTests;
				PRODUCT_NAME = "$(TARGET_NAME)";
				SWIFT_EMIT_LOC_STRINGS = NO;
				SWIFT_VERSION = 5.0;
				TARGETED_DEVICE_FAMILY = "1,2";
				TEST_HOST = "$(BUILT_PRODUCTS_DIR)/GoingPostal.app/$(BUNDLE_EXECUTABLE_FOLDER_PATH)/GoingPostal";
			};
			name = Release;
		};
		7D1C557E2BF3F006004B995C /* Debug */ = {
			isa = XCBuildConfiguration;
			buildSettings = {
				ALWAYS_EMBED_SWIFT_STANDARD_LIBRARIES = YES;
				CODE_SIGN_STYLE = Automatic;
				CURRENT_PROJECT_VERSION = 1;
				DEVELOPMENT_TEAM = 74A9YU5DT4;
				GENERATE_INFOPLIST_FILE = YES;
				MARKETING_VERSION = 1.0;
				PRODUCT_BUNDLE_IDENTIFIER = za.co.rleclus.GoingPostalUITests;
				PRODUCT_NAME = "$(TARGET_NAME)";
				SWIFT_EMIT_LOC_STRINGS = NO;
				SWIFT_VERSION = 5.0;
				TARGETED_DEVICE_FAMILY = "1,2";
				TEST_TARGET_NAME = GoingPostal;
			};
			name = Debug;
		};
		7D1C557F2BF3F006004B995C /* Release */ = {
			isa = XCBuildConfiguration;
			buildSettings = {
				ALWAYS_EMBED_SWIFT_STANDARD_LIBRARIES = YES;
				CODE_SIGN_STYLE = Automatic;
				CURRENT_PROJECT_VERSION = 1;
				DEVELOPMENT_TEAM = 74A9YU5DT4;
				GENERATE_INFOPLIST_FILE = YES;
				MARKETING_VERSION = 1.0;
				PRODUCT_BUNDLE_IDENTIFIER = za.co.rleclus.GoingPostalUITests;
				PRODUCT_NAME = "$(TARGET_NAME)";
				SWIFT_EMIT_LOC_STRINGS = NO;
				SWIFT_VERSION = 5.0;
				TARGETED_DEVICE_FAMILY = "1,2";
				TEST_TARGET_NAME = GoingPostal;
			};
			name = Release;
		};
/* End XCBuildConfiguration section */

/* Begin XCConfigurationList section */
		7D1C554E2BF3F004004B995C /* Build configuration list for PBXProject "GoingPostal" */ = {
			isa = XCConfigurationList;
			buildConfigurations = (
				7D1C55752BF3F006004B995C /* Debug */,
				7D1C55762BF3F006004B995C /* Release */,
			);
			defaultConfigurationIsVisible = 0;
			defaultConfigurationName = Release;
		};
		7D1C55772BF3F006004B995C /* Build configuration list for PBXNativeTarget "GoingPostal" */ = {
			isa = XCConfigurationList;
			buildConfigurations = (
				7D1C55782BF3F006004B995C /* Debug */,
				7D1C55792BF3F006004B995C /* Release */,
			);
			defaultConfigurationIsVisible = 0;
			defaultConfigurationName = Release;
		};
		7D1C557A2BF3F006004B995C /* Build configuration list for PBXNativeTarget "GoingPostalTests" */ = {
			isa = XCConfigurationList;
			buildConfigurations = (
				7D1C557B2BF3F006004B995C /* Debug */,
				7D1C557C2BF3F006004B995C /* Release */,
			);
			defaultConfigurationIsVisible = 0;
			defaultConfigurationName = Release;
		};
		7D1C557D2BF3F006004B995C /* Build configuration list for PBXNativeTarget "GoingPostalUITests" */ = {
			isa = XCConfigurationList;
			buildConfigurations = (
				7D1C557E2BF3F006004B995C /* Debug */,
				7D1C557F2BF3F006004B995C /* Release */,
			);
			defaultConfigurationIsVisible = 0;
			defaultConfigurationName = Release;
		};
/* End XCConfigurationList section */
	};
	rootObject = 7D1C554B2BF3F004004B995C /* Project object */;
}
